github.com/go-comm/xbytes v0.0.0-20200428054400-bfff8f4f80c5 h1:e/7w5WfGrXBL4Xd3r8xQlQ4AYLdYUi8j5gFwZvJ+7YE=
github.com/go-comm/xbytes v0.0.0-20200428054400-bfff8f4f80c5/go.mod h1:hmp+LfV35Ej1AXhTbxsyAKJLxpGPgAHZpYLH1XsSAdY=
github.com/go-comm/xbytes v0.0.0-20200522025743-68ffeb853680 h1:dtp/+uZpv0NfTEIhSFKDf3QqpSqD4w207npqIv1QLyc=
github.com/go-comm/xbytes v0.0.0-20200522025743-68ffeb853680/go.mod h1:hmp+LfV35Ej1AXhTbxsyAKJLxpGPgAHZpYLH1XsSAdY=
